
Microsoft Visual Studio Solution File, Format Version 12.00
# Visual Studio Version 16
VisualStudioVersion = 16.0.29009.5
MinimumVisualStudioVersion = 10.0.40219.1
Project("{FAE04EC0-301F-11D3-BF4B-00C04F79EFBC}") = "QLHS", "QLHS\QLHS.csproj", "{20828E53-BC16-48C6-BC7A-D78565A45C52}"
EndProject
Global
	GlobalSection(SolutionConfigurationPlatforms) = preSolution
		Debug|Any CPU = Debug|Any CPU
		Release|Any CPU = Release|Any CPU
	EndGlobalSection
	GlobalSection(ProjectConfigurationPlatforms) = postSolution
		{20828E53-BC16-48C6-BC7A-D78565A45C52}.Debug|Any CPU.ActiveCfg = Debug|Any CPU
		{20828E53-BC16-48C6-BC7A-D78565A45C52}.Debug|Any CPU.Build.0 = Debug|Any CPU
		{20828E53-BC16-48C6-BC7A-D78565A45C52}.Release|Any CPU.ActiveCfg = Release|Any CPU
		{20828E53-BC16-48C6-BC7A-D78565A45C52}.Release|Any CPU.Build.0 = Release|Any CPU
	EndGlobalSection
	GlobalSection(SolutionProperties) = preSolution
		HideSolutionNode = FALSE
	EndGlobalSection
	GlobalSection(ExtensibilityGlobals) = postSolution
		SolutionGuid = {276A18BE-B592-4428-8C8E-1BD844395181}
	EndGlobalSection
EndGlobal
